
Microsoft Visual Studio Solution File, Format Version 12.00
# Visual Studio Version 16
VisualStudioVersion = 16.0.31025.194
MinimumVisualStudioVersion = 10.0.40219.1
Project("{FAE04EC0-301F-11D3-BF4B-00C04F79EFBC}") = "CA-post-deployment-tests", "CA-post-deployment-tests\CA-post-deployment-tests.csproj", "{BC6FB19F-0482-4588-9B99-724E5C5214E3}"
EndProject
Global
	GlobalSection(SolutionConfigurationPlatforms) = preSolution
		Debug|Any CPU = Debug|Any CPU
		Release|Any CPU = Release|Any CPU
	EndGlobalSection
	GlobalSection(ProjectConfigurationPlatforms) = postSolution
		{BC6FB19F-0482-4588-9B99-724E5C5214E3}.Debug|Any CPU.ActiveCfg = Debug|Any CPU
		{BC6FB19F-0482-4588-9B99-724E5C5214E3}.Debug|Any CPU.Build.0 = Debug|Any CPU
		{BC6FB19F-0482-4588-9B99-724E5C5214E3}.Release|Any CPU.ActiveCfg = Release|Any CPU
		{BC6FB19F-0482-4588-9B99-724E5C5214E3}.Release|Any CPU.Build.0 = Release|Any CPU
	EndGlobalSection
	GlobalSection(SolutionProperties) = preSolution
		HideSolutionNode = FALSE
	EndGlobalSection
	GlobalSection(ExtensibilityGlobals) = postSolution
		SolutionGuid = {661C4042-75E4-4781-B7FD-9B83DEEEE7CA}
	EndGlobalSection
EndGlobal
